<?xml version="1.0" encoding="utf-8"?>
<Project ToolsVersion="4.0" xmlns="http://schemas.microsoft.com/developer/msbuild/2003">
  <ItemGroup>
    <Filter Include="Source Files">
      <UniqueIdentifier>{4FC737F1-C7A5-4376-A066-2A32D752A2FF}</UniqueIdentifier>
      <Extensions>cpp;c;cc;cxx;def;odl;idl;hpj;bat;asm;asmx</Extensions>
    </Filter>
    <Filter Include="Header Files">
      <UniqueIdentifier>{93995380-89BD-4b04-88EB-625FBE52EBFB}</UniqueIdentifier>
      <Extensions>h;hpp;hxx;hm;inl;inc;xsd</Extensions>
    </Filter>
    <Filter Include="Resource Files">
      <UniqueIdentifier>{67DA6AB6-F800-4c08-8B7A-83BB121AAD01}</UniqueIdentifier>
      <Extensions>rc;ico;cur;bmp;dlg;rc2;rct;bin;rgs;gif;jpg;jpeg;jpe;resx;tiff;tif;png;wav;mfcribbon-ms</Extensions>
    </Filter>
    <Filter Include="Managers">
      <UniqueIdentifier>{c96a56a5-b84f-40ca-a666-08a6d572e663}</UniqueIdentifier>
    </Filter>
    <Filter Include="Units">
      <UniqueIdentifier>{61170d28-6d61-4ef4-a609-b58cff5246bf}</UniqueIdentifier>
    </Filter>
    <Filter Include="Messages">
      <UniqueIdentifier>{c5849a17-6dc6-4e9b-9bf2-f5b63f4a9ff4}</UniqueIdentifier>
    </Filter>
    <Filter Include="States">
      <UniqueIdentifier>{4c71e9f4-3308-4d0e-b58e-481589928b3e}</UniqueIdentifier>
    </Filter>
    <Filter Include="SGD Wrappers">
      <UniqueIdentifier>{3a907add-2554-4c6a-9305-07dc902c80e9}</UniqueIdentifier>
    </Filter>
  </ItemGroup>
  <ItemGroup>
    <ClCompile Include="winmain.cpp">
      <Filter>Source Files</Filter>
    </ClCompile>
    <ClCompile Include="stdafx.cpp">
      <Filter>Source Files</Filter>
    </ClCompile>
    <ClCompile Include="Game.cpp">
      <Filter>Source Files</Filter>
    </ClCompile>
    <ClCompile Include="GameplayState.cpp">
      <Filter>States</Filter>
    </ClCompile>
    <ClCompile Include="InputManager.cpp">
      <Filter>Managers</Filter>
    </ClCompile>
    <ClCompile Include="AIManager.cpp">
      <Filter>Managers</Filter>
    </ClCompile>
    <ClCompile Include="Archer.cpp">
      <Filter>Units</Filter>
    </ClCompile>
    <ClCompile Include="Cavalry.cpp">
      <Filter>Units</Filter>
    </ClCompile>
    <ClCompile Include="GameObject.cpp">
      <Filter>Units</Filter>
    </ClCompile>
    <ClCompile Include="Hero.cpp">
      <Filter>Units</Filter>
    </ClCompile>
    <ClCompile Include="Iceblock.cpp">
      <Filter>Units</Filter>
    </ClCompile>
    <ClCompile Include="Skeleton.cpp">
      <Filter>Units</Filter>
    </ClCompile>
    <ClCompile Include="Unit.cpp">
      <Filter>Units</Filter>
    </ClCompile>
    <ClCompile Include="Swordsman.cpp">
      <Filter>Units</Filter>
    </ClCompile>
    <ClCompile Include="Ability.cpp">
      <Filter>Source Files</Filter>
    </ClCompile>
    <ClCompile Include="AddResourceMessage.cpp">
      <Filter>Messages</Filter>
    </ClCompile>
    <ClCompile Include="DeSpawnUnitMessage.cpp">
      <Filter>Messages</Filter>
    </ClCompile>
    <ClCompile Include="SpawnUnitMessage.cpp">
      <Filter>Messages</Filter>
    </ClCompile>
    <ClCompile Include="AbilityManager.cpp">
      <Filter>Managers</Filter>
    </ClCompile>
    <ClCompile Include="AudioManager.cpp">
      <Filter>Managers</Filter>
    </ClCompile>
    <ClCompile Include="Animation.cpp">
      <Filter>Source Files</Filter>
    </ClCompile>
    <ClCompile Include="Emitter.cpp">
      <Filter>Source Files</Filter>
    </ClCompile>
    <ClCompile Include="Frame.cpp">
      <Filter>Source Files</Filter>
    </ClCompile>
    <ClCompile Include="Particle.cpp">
      <Filter>Source Files</Filter>
    </ClCompile>
    <ClCompile Include="Tile.cpp">
      <Filter>Source Files</Filter>
    </ClCompile>
    <ClCompile Include="AnimationManager.cpp">
      <Filter>Managers</Filter>
    </ClCompile>
    <ClCompile Include="ParticleManager.cpp">
      <Filter>Managers</Filter>
    </ClCompile>
    <ClCompile Include="TileManager.cpp">
      <Filter>Managers</Filter>
    </ClCompile>
    <ClCompile Include="CreditsState.cpp">
      <Filter>States</Filter>
    </ClCompile>
    <ClCompile Include="OptionsMenuState.cpp">
      <Filter>States</Filter>
    </ClCompile>
    <ClCompile Include="GameOverState.cpp">
      <Filter>States</Filter>
    </ClCompile>
    <ClCompile Include="HelpMenuState.cpp">
      <Filter>States</Filter>
    </ClCompile>
    <ClCompile Include="MainMenuState.cpp">
      <Filter>States</Filter>
    </ClCompile>
    <ClCompile Include="GameManager.cpp">
      <Filter>Managers</Filter>
    </ClCompile>
    <ClCompile Include="ObjectManager.cpp">
      <Filter>Managers</Filter>
    </ClCompile>
    <ClCompile Include="GraphicsManager.cpp">
      <Filter>Managers</Filter>
    </ClCompile>
    <ClCompile Include="Player.cpp">
      <Filter>Source Files</Filter>
    </ClCompile>
    <ClCompile Include="SpellScrollState.cpp">
      <Filter>States</Filter>
    </ClCompile>
    <ClCompile Include="StateStack.cpp">
      <Filter>States</Filter>
    </ClCompile>
    <ClCompile Include="Castle.cpp">
      <Filter>Units</Filter>
    </ClCompile>
    <ClCompile Include="ScriptManager.cpp">
      <Filter>Managers</Filter>
    </ClCompile>
    <ClCompile Include="IMessage.cpp">
      <Filter>Messages</Filter>
    </ClCompile>
    <ClCompile Include="MessageSystem.cpp">
      <Filter>Messages</Filter>
    </ClCompile>
    <ClCompile Include="SGD Wrappers\tinyxmlparser.cpp">
      <Filter>SGD Wrappers</Filter>
    </ClCompile>
    <ClCompile Include="SGD Wrappers\CSGD_Direct3D.cpp">
      <Filter>SGD Wrappers</Filter>
    </ClCompile>
    <ClCompile Include="SGD Wrappers\CSGD_DirectInput.cpp">
      <Filter>SGD Wrappers</Filter>
    </ClCompile>
    <ClCompile Include="SGD Wrappers\CSGD_TextureManager.cpp">
      <Filter>SGD Wrappers</Filter>
    </ClCompile>
    <ClCompile Include="SGD Wrappers\CSGD_XAudio2.cpp">
      <Filter>SGD Wrappers</Filter>
    </ClCompile>
    <ClCompile Include="SGD Wrappers\SGD_Math.cpp">
      <Filter>SGD Wrappers</Filter>
    </ClCompile>
    <ClCompile Include="SGD Wrappers\tinystr.cpp">
      <Filter>SGD Wrappers</Filter>
    </ClCompile>
    <ClCompile Include="SGD Wrappers\tinyxml.cpp">
      <Filter>SGD Wrappers</Filter>
    </ClCompile>
    <ClCompile Include="SGD Wrappers\tinyxmlerror.cpp">
      <Filter>SGD Wrappers</Filter>
    </ClCompile>
    <ClCompile Include="PauseState.cpp">
      <Filter>States</Filter>
    </ClCompile>
    <ClCompile Include="SaveSlotState.cpp">
      <Filter>States</Filter>
    </ClCompile>
    <ClCompile Include="FloatingText.cpp">
      <Filter>Source Files</Filter>
    </ClCompile>
    <ClCompile Include="SoundManager.cpp">
      <Filter>Managers</Filter>
    </ClCompile>
  </ItemGroup>
  <ItemGroup>
    <ClInclude Include="stdafx.h">
      <Filter>Header Files</Filter>
    </ClInclude>
    <ClInclude Include="Game.h">
      <Filter>Header Files</Filter>
    </ClInclude>
    <ClInclude Include="IGameState.h">
      <Filter>States</Filter>
    </ClInclude>
    <ClInclude Include="GameplayState.h">
      <Filter>States</Filter>
    </ClInclude>
    <ClInclude Include="InputManager.h">
      <Filter>Managers</Filter>
    </ClInclude>
    <ClInclude Include="AIManager.h">
      <Filter>Managers</Filter>
    </ClInclude>
    <ClInclude Include="Archer.h">
      <Filter>Units</Filter>
    </ClInclude>
    <ClInclude Include="Cavalry.h">
      <Filter>Units</Filter>
    </ClInclude>
    <ClInclude Include="GameObject.h">
      <Filter>Units</Filter>
    </ClInclude>
    <ClInclude Include="Hero.h">
      <Filter>Units</Filter>
    </ClInclude>
    <ClInclude Include="Iceblock.h">
      <Filter>Units</Filter>
    </ClInclude>
    <ClInclude Include="Skeleton.h">
      <Filter>Units</Filter>
    </ClInclude>
    <ClInclude Include="Unit.h">
      <Filter>Units</Filter>
    </ClInclude>
    <ClInclude Include="Swordsman.h">
      <Filter>Units</Filter>
    </ClInclude>
    <ClInclude Include="Ability.h">
      <Filter>Header Files</Filter>
    </ClInclude>
    <ClInclude Include="AddResourceMessage.h">
      <Filter>Messages</Filter>
    </ClInclude>
    <ClInclude Include="DeSpawnUnitMessage.h">
      <Filter>Messages</Filter>
    </ClInclude>
    <ClInclude Include="SpawnUnitMessage.h">
      <Filter>Messages</Filter>
    </ClInclude>
    <ClInclude Include="AbilityManager.h">
      <Filter>Managers</Filter>
    </ClInclude>
    <ClInclude Include="AudioManager.h">
      <Filter>Managers</Filter>
    </ClInclude>
    <ClInclude Include="Animation.h">
      <Filter>Header Files</Filter>
    </ClInclude>
    <ClInclude Include="Emitter.h">
      <Filter>Header Files</Filter>
    </ClInclude>
    <ClInclude Include="Frame.h">
      <Filter>Header Files</Filter>
    </ClInclude>
    <ClInclude Include="Particle.h">
      <Filter>Header Files</Filter>
    </ClInclude>
    <ClInclude Include="Tile.h">
      <Filter>Header Files</Filter>
    </ClInclude>
    <ClInclude Include="AnimationManager.h">
      <Filter>Managers</Filter>
    </ClInclude>
    <ClInclude Include="ParticleManager.h">
      <Filter>Managers</Filter>
    </ClInclude>
    <ClInclude Include="TileManager.h">
      <Filter>Managers</Filter>
    </ClInclude>
    <ClInclude Include="CreditsState.h">
      <Filter>States</Filter>
    </ClInclude>
    <ClInclude Include="OptionsMenuState.h">
      <Filter>States</Filter>
    </ClInclude>
    <ClInclude Include="GameOverState.h">
      <Filter>States</Filter>
    </ClInclude>
    <ClInclude Include="HelpMenuState.h">
      <Filter>States</Filter>
    </ClInclude>
    <ClInclude Include="MainMenuState.h">
      <Filter>States</Filter>
    </ClInclude>
    <ClInclude Include="GameManager.h">
      <Filter>Managers</Filter>
    </ClInclude>
    <ClInclude Include="ObjectManager.h">
      <Filter>Managers</Filter>
    </ClInclude>
    <ClInclude Include="GraphicsManager.h">
      <Filter>Managers</Filter>
    </ClInclude>
    <ClInclude Include="Player.h">
      <Filter>Header Files</Filter>
    </ClInclude>
    <ClInclude Include="StateStack.h">
      <Filter>States</Filter>
    </ClInclude>
    <ClInclude Include="SpellScrollState.h">
      <Filter>States</Filter>
    </ClInclude>
    <ClInclude Include="BitmapFont.h">
      <Filter>Header Files</Filter>
    </ClInclude>
    <ClInclude Include="Castle.h">
      <Filter>Units</Filter>
    </ClInclude>
    <ClInclude Include="ScriptManager.h">
      <Filter>Managers</Filter>
    </ClInclude>
    <ClInclude Include="IMessage.h">
      <Filter>Messages</Filter>
    </ClInclude>
    <ClInclude Include="MessageSystem.h">
      <Filter>Messages</Filter>
    </ClInclude>
    <ClInclude Include="SGD Wrappers\CSGD_Direct3D.h">
      <Filter>SGD Wrappers</Filter>
    </ClInclude>
    <ClInclude Include="SGD Wrappers\CSGD_DirectInput.h">
      <Filter>SGD Wrappers</Filter>
    </ClInclude>
    <ClInclude Include="SGD Wrappers\CSGD_TextureManager.h">
      <Filter>SGD Wrappers</Filter>
    </ClInclude>
    <ClInclude Include="SGD Wrappers\CSGD_XAudio2.h">
      <Filter>SGD Wrappers</Filter>
    </ClInclude>
    <ClInclude Include="SGD Wrappers\SGD_Math.h">
      <Filter>SGD Wrappers</Filter>
    </ClInclude>
    <ClInclude Include="SGD Wrappers\SGD_String.h">
      <Filter>SGD Wrappers</Filter>
    </ClInclude>
    <ClInclude Include="SGD Wrappers\SGD_Util.h">
      <Filter>SGD Wrappers</Filter>
    </ClInclude>
    <ClInclude Include="SGD Wrappers\tinystr.h">
      <Filter>SGD Wrappers</Filter>
    </ClInclude>
    <ClInclude Include="SGD Wrappers\tinyxml.h">
      <Filter>SGD Wrappers</Filter>
    </ClInclude>
    <ClInclude Include="Message.h">
      <Filter>Messages</Filter>
    </ClInclude>
    <ClInclude Include="SaveSlotState.h">
      <Filter>States</Filter>
    </ClInclude>
    <ClInclude Include="PauseState.h">
      <Filter>States</Filter>
    </ClInclude>
    <ClInclude Include="FloatingText.h">
      <Filter>Header Files</Filter>
    </ClInclude>
    <ClInclude Include="SoundManager.h">
      <Filter>Managers</Filter>
    </ClInclude>
  </ItemGroup>
</Project>