
Microsoft Visual Studio Solution File, Format Version 11.00
# Visual Studio 2010
Project("{FAE04EC0-301F-11D3-BF4B-00C04F79EFBC}") = "WorldTileEditor", "WorldTileEditor.csproj", "{D587D846-1F91-42D5-8037-20A63FAC2380}"
EndProject
Global
	GlobalSection(SolutionConfigurationPlatforms) = preSolution
		Debug|x86 = Debug|x86
		Release|x86 = Release|x86
	EndGlobalSection
	GlobalSection(ProjectConfigurationPlatforms) = postSolution
		{D587D846-1F91-42D5-8037-20A63FAC2380}.Debug|x86.ActiveCfg = Debug|x86
		{D587D846-1F91-42D5-8037-20A63FAC2380}.Debug|x86.Build.0 = Debug|x86
		{D587D846-1F91-42D5-8037-20A63FAC2380}.Release|x86.ActiveCfg = Release|x86
		{D587D846-1F91-42D5-8037-20A63FAC2380}.Release|x86.Build.0 = Release|x86
	EndGlobalSection
	GlobalSection(SolutionProperties) = preSolution
		HideSolutionNode = FALSE
	EndGlobalSection
EndGlobal
