
Microsoft Visual Studio Solution File, Format Version 11.00
# Visual Studio 2010
Project("{54435603-DBB4-11D2-8724-00A0C9A8B90C}") = "LOCCInstaller", "LOCCInstaller.vdproj", "{3D1210D8-83EE-4C79-A215-074AA9653604}"
EndProject
Global
	GlobalSection(SolutionConfigurationPlatforms) = preSolution
		Debug|Default = Debug|Default
		Release|Default = Release|Default
	EndGlobalSection
	GlobalSection(ProjectConfigurationPlatforms) = postSolution
		{3D1210D8-83EE-4C79-A215-074AA9653604}.Debug|Default.ActiveCfg = Debug
		{3D1210D8-83EE-4C79-A215-074AA9653604}.Debug|Default.Build.0 = Debug
		{3D1210D8-83EE-4C79-A215-074AA9653604}.Release|Default.ActiveCfg = Release
		{3D1210D8-83EE-4C79-A215-074AA9653604}.Release|Default.Build.0 = Release
	EndGlobalSection
	GlobalSection(SolutionProperties) = preSolution
		HideSolutionNode = FALSE
	EndGlobalSection
EndGlobal
